schema: '2.0'
stages:
  train:
    cmd: python scripts/run_train.py --raw-input data/data2.csv --out-clean 
      data/data_clean.csv
    deps:
    - path: data/data2.csv
      hash: md5
      md5: 9f6166826262082efb34b70dafefd5e8
      size: 72608
    - path: src/flexsaize/data/preprocessor.py
      hash: md5
      md5: 24d734092cf112e7a2e5c089caffcfea
      size: 4912
    - path: src/flexsaize/data/splitter.py
      hash: md5
      md5: d45b6ed02517d70164fdd7476e61fcff
      size: 1985
    - path: src/flexsaize/models/evaluate.py
      hash: md5
      md5: 44177eb7564a0144b022f4f59263488e
      size: 1825
    - path: src/flexsaize/models/train.py
      hash: md5
      md5: f0ef291b65162e012ba48fd90b4af6ac
      size: 5939
    outs:
    - path: data/data_clean.csv
      hash: md5
      md5: ecd64b378babc229f2ccd9c266789f1a
      size: 170971
